
Microsoft Visual Studio Solution File, Format Version 12.00
# Visual Studio 15
VisualStudioVersion = 15.0.28307.102
MinimumVisualStudioVersion = 10.0.40219.1
Project("{FAE04EC0-301F-11D3-BF4B-00C04F79EFBC}") = "CustomTwilioRestClientDemo", "src\CustomTwilioRestClientDemo\CustomTwilioRestClientDemo.csproj", "{52D4D738-297C-4166-BE69-FF0AD28553D4}"
EndProject
Global
	GlobalSection(SolutionConfigurationPlatforms) = preSolution
		Debug|Any CPU = Debug|Any CPU
		Release|Any CPU = Release|Any CPU
	EndGlobalSection
	GlobalSection(ProjectConfigurationPlatforms) = postSolution
		{52D4D738-297C-4166-BE69-FF0AD28553D4}.Debug|Any CPU.ActiveCfg = Debug|Any CPU
		{52D4D738-297C-4166-BE69-FF0AD28553D4}.Debug|Any CPU.Build.0 = Debug|Any CPU
		{52D4D738-297C-4166-BE69-FF0AD28553D4}.Release|Any CPU.ActiveCfg = Release|Any CPU
		{52D4D738-297C-4166-BE69-FF0AD28553D4}.Release|Any CPU.Build.0 = Release|Any CPU
	EndGlobalSection
	GlobalSection(SolutionProperties) = preSolution
		HideSolutionNode = FALSE
	EndGlobalSection
	GlobalSection(ExtensibilityGlobals) = postSolution
		SolutionGuid = {ACF807A3-AE15-4B11-8F34-E2881DCE918B}
	EndGlobalSection
EndGlobal
